
Microsoft Visual Studio Solution File, Format Version 12.00
# Visual Studio 14
VisualStudioVersion = 14.0.25420.1
MinimumVisualStudioVersion = 10.0.40219.1
Project("{8BB2217D-0F2D-49D1-97BC-3654ED321F3B}") = "PartyInvites", "PartyInvites\PartyInvites.xproj", "{BDADED02-1F61-4FAA-BBC0-5EC121137717}"
EndProject
Project("{8BB2217D-0F2D-49D1-97BC-3654ED321F3B}") = "LanguageFeatures", "LanguageFeatures\LanguageFeatures.xproj", "{036D45B8-2A7C-40A2-86C8-0FA5DC35D9AA}"
EndProject
Project("{8BB2217D-0F2D-49D1-97BC-3654ED321F3B}") = "Razor", "Razor\Razor.xproj", "{3636BF0E-EE86-402B-9952-5918149F1FB8}"
EndProject
Project("{8BB2217D-0F2D-49D1-97BC-3654ED321F3B}") = "WorkingWithVisualStudio", "WorkingWithVisualStudio\WorkingWithVisualStudio.xproj", "{96BB64F0-BBD0-45BC-BAC9-EC5E8CDAFEAA}"
EndProject
Project("{2150E333-8FDC-42A3-9474-1A3956D46DE8}") = "src", "src", "{F7B93BA1-492C-4DD4-830C-3750CEDF6939}"
EndProject
Project("{2150E333-8FDC-42A3-9474-1A3956D46DE8}") = "Solution Items", "Solution Items", "{62428CBE-D53E-4F7A-9B74-A35DB0498F01}"
	ProjectSection(SolutionItems) = preProject
		..\sawf\global.json = ..\sawf\global.json
	EndProjectSection
EndProject
Project("{2150E333-8FDC-42A3-9474-1A3956D46DE8}") = "test", "test", "{9FAEF55B-0A4E-423C-B38C-70758FBABA03}"
EndProject
Project("{8BB2217D-0F2D-49D1-97BC-3654ED321F3B}") = "WorkingWithVisualStudio.Tests", "test\WorkingWithVisualStudio.Tests\WorkingWithVisualStudio.Tests.xproj", "{CA11A77E-BE71-4050-BD0D-4E2F3BD8CBF4}"
EndProject
Project("{8BB2217D-0F2D-49D1-97BC-3654ED321F3B}") = "SportsStore", "SportsStore\SportsStore.xproj", "{71AE64FA-DE01-4AFD-9E08-CABFFE27DF73}"
EndProject
Global
	GlobalSection(SolutionConfigurationPlatforms) = preSolution
		Debug|Any CPU = Debug|Any CPU
		Release|Any CPU = Release|Any CPU
	EndGlobalSection
	GlobalSection(ProjectConfigurationPlatforms) = postSolution
		{BDADED02-1F61-4FAA-BBC0-5EC121137717}.Debug|Any CPU.ActiveCfg = Debug|Any CPU
		{BDADED02-1F61-4FAA-BBC0-5EC121137717}.Debug|Any CPU.Build.0 = Debug|Any CPU
		{BDADED02-1F61-4FAA-BBC0-5EC121137717}.Release|Any CPU.ActiveCfg = Release|Any CPU
		{BDADED02-1F61-4FAA-BBC0-5EC121137717}.Release|Any CPU.Build.0 = Release|Any CPU
		{036D45B8-2A7C-40A2-86C8-0FA5DC35D9AA}.Debug|Any CPU.ActiveCfg = Debug|Any CPU
		{036D45B8-2A7C-40A2-86C8-0FA5DC35D9AA}.Debug|Any CPU.Build.0 = Debug|Any CPU
		{036D45B8-2A7C-40A2-86C8-0FA5DC35D9AA}.Release|Any CPU.ActiveCfg = Release|Any CPU
		{036D45B8-2A7C-40A2-86C8-0FA5DC35D9AA}.Release|Any CPU.Build.0 = Release|Any CPU
		{3636BF0E-EE86-402B-9952-5918149F1FB8}.Debug|Any CPU.ActiveCfg = Debug|Any CPU
		{3636BF0E-EE86-402B-9952-5918149F1FB8}.Debug|Any CPU.Build.0 = Debug|Any CPU
		{3636BF0E-EE86-402B-9952-5918149F1FB8}.Release|Any CPU.ActiveCfg = Release|Any CPU
		{3636BF0E-EE86-402B-9952-5918149F1FB8}.Release|Any CPU.Build.0 = Release|Any CPU
		{96BB64F0-BBD0-45BC-BAC9-EC5E8CDAFEAA}.Debug|Any CPU.ActiveCfg = Debug|Any CPU
		{96BB64F0-BBD0-45BC-BAC9-EC5E8CDAFEAA}.Debug|Any CPU.Build.0 = Debug|Any CPU
		{96BB64F0-BBD0-45BC-BAC9-EC5E8CDAFEAA}.Release|Any CPU.ActiveCfg = Release|Any CPU
		{96BB64F0-BBD0-45BC-BAC9-EC5E8CDAFEAA}.Release|Any CPU.Build.0 = Release|Any CPU
		{CA11A77E-BE71-4050-BD0D-4E2F3BD8CBF4}.Debug|Any CPU.ActiveCfg = Debug|Any CPU
		{CA11A77E-BE71-4050-BD0D-4E2F3BD8CBF4}.Debug|Any CPU.Build.0 = Debug|Any CPU
		{CA11A77E-BE71-4050-BD0D-4E2F3BD8CBF4}.Release|Any CPU.ActiveCfg = Release|Any CPU
		{CA11A77E-BE71-4050-BD0D-4E2F3BD8CBF4}.Release|Any CPU.Build.0 = Release|Any CPU
		{71AE64FA-DE01-4AFD-9E08-CABFFE27DF73}.Debug|Any CPU.ActiveCfg = Debug|Any CPU
		{71AE64FA-DE01-4AFD-9E08-CABFFE27DF73}.Debug|Any CPU.Build.0 = Debug|Any CPU
		{71AE64FA-DE01-4AFD-9E08-CABFFE27DF73}.Release|Any CPU.ActiveCfg = Release|Any CPU
		{71AE64FA-DE01-4AFD-9E08-CABFFE27DF73}.Release|Any CPU.Build.0 = Release|Any CPU
	EndGlobalSection
	GlobalSection(SolutionProperties) = preSolution
		HideSolutionNode = FALSE
	EndGlobalSection
	GlobalSection(NestedProjects) = preSolution
		{BDADED02-1F61-4FAA-BBC0-5EC121137717} = {F7B93BA1-492C-4DD4-830C-3750CEDF6939}
		{036D45B8-2A7C-40A2-86C8-0FA5DC35D9AA} = {F7B93BA1-492C-4DD4-830C-3750CEDF6939}
		{3636BF0E-EE86-402B-9952-5918149F1FB8} = {F7B93BA1-492C-4DD4-830C-3750CEDF6939}
		{96BB64F0-BBD0-45BC-BAC9-EC5E8CDAFEAA} = {F7B93BA1-492C-4DD4-830C-3750CEDF6939}
		{CA11A77E-BE71-4050-BD0D-4E2F3BD8CBF4} = {9FAEF55B-0A4E-423C-B38C-70758FBABA03}
		{71AE64FA-DE01-4AFD-9E08-CABFFE27DF73} = {F7B93BA1-492C-4DD4-830C-3750CEDF6939}
	EndGlobalSection
EndGlobal
