
Microsoft Visual Studio Solution File, Format Version 12.00
# Visual Studio 14
VisualStudioVersion = 14.0.25420.1
MinimumVisualStudioVersion = 10.0.40219.1
Project("{8BB2217D-0F2D-49D1-97BC-3654ED321F3B}") = "PartyInvites", "PartyInvites\PartyInvites.xproj", "{BDADED02-1F61-4FAA-BBC0-5EC121137717}"
EndProject
Project("{8BB2217D-0F2D-49D1-97BC-3654ED321F3B}") = "LanguageFeatures", "LanguageFeatures\LanguageFeatures.xproj", "{036D45B8-2A7C-40A2-86C8-0FA5DC35D9AA}"
EndProject
Project("{8BB2217D-0F2D-49D1-97BC-3654ED321F3B}") = "Razor", "Razor\Razor.xproj", "{3636BF0E-EE86-402B-9952-5918149F1FB8}"
EndProject
Project("{8BB2217D-0F2D-49D1-97BC-3654ED321F3B}") = "WorkingWithVisualStudio", "WorkingWithVisualStudio\WorkingWithVisualStudio.xproj", "{96BB64F0-BBD0-45BC-BAC9-EC5E8CDAFEAA}"
EndProject
Global
	GlobalSection(SolutionConfigurationPlatforms) = preSolution
		Debug|Any CPU = Debug|Any CPU
		Release|Any CPU = Release|Any CPU
	EndGlobalSection
	GlobalSection(ProjectConfigurationPlatforms) = postSolution
		{BDADED02-1F61-4FAA-BBC0-5EC121137717}.Debug|Any CPU.ActiveCfg = Debug|Any CPU
		{BDADED02-1F61-4FAA-BBC0-5EC121137717}.Debug|Any CPU.Build.0 = Debug|Any CPU
		{BDADED02-1F61-4FAA-BBC0-5EC121137717}.Release|Any CPU.ActiveCfg = Release|Any CPU
		{BDADED02-1F61-4FAA-BBC0-5EC121137717}.Release|Any CPU.Build.0 = Release|Any CPU
		{036D45B8-2A7C-40A2-86C8-0FA5DC35D9AA}.Debug|Any CPU.ActiveCfg = Debug|Any CPU
		{036D45B8-2A7C-40A2-86C8-0FA5DC35D9AA}.Debug|Any CPU.Build.0 = Debug|Any CPU
		{036D45B8-2A7C-40A2-86C8-0FA5DC35D9AA}.Release|Any CPU.ActiveCfg = Release|Any CPU
		{036D45B8-2A7C-40A2-86C8-0FA5DC35D9AA}.Release|Any CPU.Build.0 = Release|Any CPU
		{3636BF0E-EE86-402B-9952-5918149F1FB8}.Debug|Any CPU.ActiveCfg = Debug|Any CPU
		{3636BF0E-EE86-402B-9952-5918149F1FB8}.Debug|Any CPU.Build.0 = Debug|Any CPU
		{3636BF0E-EE86-402B-9952-5918149F1FB8}.Release|Any CPU.ActiveCfg = Release|Any CPU
		{3636BF0E-EE86-402B-9952-5918149F1FB8}.Release|Any CPU.Build.0 = Release|Any CPU
		{96BB64F0-BBD0-45BC-BAC9-EC5E8CDAFEAA}.Debug|Any CPU.ActiveCfg = Debug|Any CPU
		{96BB64F0-BBD0-45BC-BAC9-EC5E8CDAFEAA}.Debug|Any CPU.Build.0 = Debug|Any CPU
		{96BB64F0-BBD0-45BC-BAC9-EC5E8CDAFEAA}.Release|Any CPU.ActiveCfg = Release|Any CPU
		{96BB64F0-BBD0-45BC-BAC9-EC5E8CDAFEAA}.Release|Any CPU.Build.0 = Release|Any CPU
	EndGlobalSection
	GlobalSection(SolutionProperties) = preSolution
		HideSolutionNode = FALSE
	EndGlobalSection
EndGlobal
